// !$*UTF8*$!
{
	archiveVersion = 1;
	classes = {
	};
	objectVersion = 56;
	objects = {

/* Begin PBXBuildFile section */
		B6586E952A800B36001CD153 /* HeaderView.swift in Sources */ = {isa = PBXBuildFile; fileRef = B6586E942A800B36001CD153 /* HeaderView.swift */; };
		B6586E972A81F756001CD153 /* TLButton.swift in Sources */ = {isa = PBXBuildFile; fileRef = B6586E962A81F756001CD153 /* TLButton.swift */; };
		B68C81BE2A83B5C00090EEF5 /* Extensions.swift in Sources */ = {isa = PBXBuildFile; fileRef = B68C81BD2A83B5C00090EEF5 /* Extensions.swift */; };
		B6ACFC6D2A7523140041CB28 /* ToDoListApp.swift in Sources */ = {isa = PBXBuildFile; fileRef = B6ACFC6C2A7523140041CB28 /* ToDoListApp.swift */; };
		B6ACFC6F2A7523140041CB28 /* MainView.swift in Sources */ = {isa = PBXBuildFile; fileRef = B6ACFC6E2A7523140041CB28 /* MainView.swift */; };
		B6ACFC712A7523160041CB28 /* Assets.xcassets in Resources */ = {isa = PBXBuildFile; fileRef = B6ACFC702A7523160041CB28 /* Assets.xcassets */; };
		B6ACFC742A7523160041CB28 /* Preview Assets.xcassets in Resources */ = {isa = PBXBuildFile; fileRef = B6ACFC732A7523160041CB28 /* Preview Assets.xcassets */; };
		B6ACFC7B2A75265D0041CB28 /* GoogleService-Info.plist in Resources */ = {isa = PBXBuildFile; fileRef = B6ACFC7A2A75265D0041CB28 /* GoogleService-Info.plist */; };
		B6ACFC7E2A7542850041CB28 /* FirebaseAuth in Frameworks */ = {isa = PBXBuildFile; productRef = B6ACFC7D2A7542850041CB28 /* FirebaseAuth */; };
		B6ACFC802A7542850041CB28 /* FirebaseFirestore in Frameworks */ = {isa = PBXBuildFile; productRef = B6ACFC7F2A7542850041CB28 /* FirebaseFirestore */; };
		B6ACFC822A7542850041CB28 /* FirebaseFirestoreSwift in Frameworks */ = {isa = PBXBuildFile; productRef = B6ACFC812A7542850041CB28 /* FirebaseFirestoreSwift */; };
		B6ACFC882A754BC40041CB28 /* ProfileView.swift in Sources */ = {isa = PBXBuildFile; fileRef = B6ACFC872A754BC40041CB28 /* ProfileView.swift */; };
		B6ACFC8A2A754BE90041CB28 /* ToDoListItemsView.swift in Sources */ = {isa = PBXBuildFile; fileRef = B6ACFC892A754BE90041CB28 /* ToDoListItemsView.swift */; };
		B6ACFC8C2A754C030041CB28 /* NewItemView.swift in Sources */ = {isa = PBXBuildFile; fileRef = B6ACFC8B2A754C030041CB28 /* NewItemView.swift */; };
		B6ACFC8E2A754C1C0041CB28 /* LoginView.swift in Sources */ = {isa = PBXBuildFile; fileRef = B6ACFC8D2A754C1C0041CB28 /* LoginView.swift */; };
		B6ACFC902A754C2A0041CB28 /* RegisterView.swift in Sources */ = {isa = PBXBuildFile; fileRef = B6ACFC8F2A754C2A0041CB28 /* RegisterView.swift */; };
		B6ACFC922A754C540041CB28 /* ToDoListView.swift in Sources */ = {isa = PBXBuildFile; fileRef = B6ACFC912A754C540041CB28 /* ToDoListView.swift */; };
		B6ACFC942A754C980041CB28 /* User.swift in Sources */ = {isa = PBXBuildFile; fileRef = B6ACFC932A754C980041CB28 /* User.swift */; };
		B6ACFC962A754CA60041CB28 /* ToDoListItem.swift in Sources */ = {isa = PBXBuildFile; fileRef = B6ACFC952A754CA60041CB28 /* ToDoListItem.swift */; };
		B6ACFC982A754CD90041CB28 /* MainViewViewModel.swift in Sources */ = {isa = PBXBuildFile; fileRef = B6ACFC972A754CD90041CB28 /* MainViewViewModel.swift */; };
		B6ACFC9A2A754CE20041CB28 /* ProfileViewViewModel.swift in Sources */ = {isa = PBXBuildFile; fileRef = B6ACFC992A754CE20041CB28 /* ProfileViewViewModel.swift */; };
		B6ACFC9C2A754CF60041CB28 /* ToDoListViewViewModel.swift in Sources */ = {isa = PBXBuildFile; fileRef = B6ACFC9B2A754CF60041CB28 /* ToDoListViewViewModel.swift */; };
		B6ACFC9E2A754D020041CB28 /* NewItemViewViewModel.swift in Sources */ = {isa = PBXBuildFile; fileRef = B6ACFC9D2A754D020041CB28 /* NewItemViewViewModel.swift */; };
		B6ACFCA02A754D0B0041CB28 /* LoginViewViewModel.swift in Sources */ = {isa = PBXBuildFile; fileRef = B6ACFC9F2A754D0B0041CB28 /* LoginViewViewModel.swift */; };
		B6ACFCA22A754D130041CB28 /* RegisterViewViewModel.swift in Sources */ = {isa = PBXBuildFile; fileRef = B6ACFCA12A754D130041CB28 /* RegisterViewViewModel.swift */; };
		B6ACFCA42A754D1C0041CB28 /* ToDoListItemsViewViewModel.swift in Sources */ = {isa = PBXBuildFile; fileRef = B6ACFCA32A754D1C0041CB28 /* ToDoListItemsViewViewModel.swift */; };
/* End PBXBuildFile section */

/* Begin PBXFileReference section */
		B6586E942A800B36001CD153 /* HeaderView.swift */ = {isa = PBXFileReference; lastKnownFileType = sourcecode.swift; path = HeaderView.swift; sourceTree = "<group>"; };
		B6586E962A81F756001CD153 /* TLButton.swift */ = {isa = PBXFileReference; lastKnownFileType = sourcecode.swift; path = TLButton.swift; sourceTree = "<group>"; };
		B68C81BD2A83B5C00090EEF5 /* Extensions.swift */ = {isa = PBXFileReference; lastKnownFileType = sourcecode.swift; path = Extensions.swift; sourceTree = "<group>"; };
		B6ACFC692A7523140041CB28 /* ToDoList.app */ = {isa = PBXFileReference; explicitFileType = wrapper.application; includeInIndex = 0; path = ToDoList.app; sourceTree = BUILT_PRODUCTS_DIR; };
		B6ACFC6C2A7523140041CB28 /* ToDoListApp.swift */ = {isa = PBXFileReference; lastKnownFileType = sourcecode.swift; path = ToDoListApp.swift; sourceTree = "<group>"; };
		B6ACFC6E2A7523140041CB28 /* MainView.swift */ = {isa = PBXFileReference; lastKnownFileType = sourcecode.swift; path = MainView.swift; sourceTree = "<group>"; };
		B6ACFC702A7523160041CB28 /* Assets.xcassets */ = {isa = PBXFileReference; lastKnownFileType = folder.assetcatalog; path = Assets.xcassets; sourceTree = "<group>"; };
		B6ACFC732A7523160041CB28 /* Preview Assets.xcassets */ = {isa = PBXFileReference; lastKnownFileType = folder.assetcatalog; path = "Preview Assets.xcassets"; sourceTree = "<group>"; };
		B6ACFC7A2A75265D0041CB28 /* GoogleService-Info.plist */ = {isa = PBXFileReference; fileEncoding = 4; lastKnownFileType = text.plist.xml; path = "GoogleService-Info.plist"; sourceTree = "<group>"; };
		B6ACFC872A754BC40041CB28 /* ProfileView.swift */ = {isa = PBXFileReference; lastKnownFileType = sourcecode.swift; path = ProfileView.swift; sourceTree = "<group>"; };
		B6ACFC892A754BE90041CB28 /* ToDoListItemsView.swift */ = {isa = PBXFileReference; lastKnownFileType = sourcecode.swift; path = ToDoListItemsView.swift; sourceTree = "<group>"; };
		B6ACFC8B2A754C030041CB28 /* NewItemView.swift */ = {isa = PBXFileReference; lastKnownFileType = sourcecode.swift; path = NewItemView.swift; sourceTree = "<group>"; };
		B6ACFC8D2A754C1C0041CB28 /* LoginView.swift */ = {isa = PBXFileReference; lastKnownFileType = sourcecode.swift; path = LoginView.swift; sourceTree = "<group>"; };
		B6ACFC8F2A754C2A0041CB28 /* RegisterView.swift */ = {isa = PBXFileReference; lastKnownFileType = sourcecode.swift; path = RegisterView.swift; sourceTree = "<group>"; };
		B6ACFC912A754C540041CB28 /* ToDoListView.swift */ = {isa = PBXFileReference; lastKnownFileType = sourcecode.swift; path = ToDoListView.swift; sourceTree = "<group>"; };
		B6ACFC932A754C980041CB28 /* User.swift */ = {isa = PBXFileReference; lastKnownFileType = sourcecode.swift; path = User.swift; sourceTree = "<group>"; };
		B6ACFC952A754CA60041CB28 /* ToDoListItem.swift */ = {isa = PBXFileReference; lastKnownFileType = sourcecode.swift; path = ToDoListItem.swift; sourceTree = "<group>"; };
		B6ACFC972A754CD90041CB28 /* MainViewViewModel.swift */ = {isa = PBXFileReference; lastKnownFileType = sourcecode.swift; path = MainViewViewModel.swift; sourceTree = "<group>"; };
		B6ACFC992A754CE20041CB28 /* ProfileViewViewModel.swift */ = {isa = PBXFileReference; lastKnownFileType = sourcecode.swift; path = ProfileViewViewModel.swift; sourceTree = "<group>"; };
		B6ACFC9B2A754CF60041CB28 /* ToDoListViewViewModel.swift */ = {isa = PBXFileReference; lastKnownFileType = sourcecode.swift; path = ToDoListViewViewModel.swift; sourceTree = "<group>"; };
		B6ACFC9D2A754D020041CB28 /* NewItemViewViewModel.swift */ = {isa = PBXFileReference; lastKnownFileType = sourcecode.swift; path = NewItemViewViewModel.swift; sourceTree = "<group>"; };
		B6ACFC9F2A754D0B0041CB28 /* LoginViewViewModel.swift */ = {isa = PBXFileReference; lastKnownFileType = sourcecode.swift; path = LoginViewViewModel.swift; sourceTree = "<group>"; };
		B6ACFCA12A754D130041CB28 /* RegisterViewViewModel.swift */ = {isa = PBXFileReference; lastKnownFileType = sourcecode.swift; path = RegisterViewViewModel.swift; sourceTree = "<group>"; };
		B6ACFCA32A754D1C0041CB28 /* ToDoListItemsViewViewModel.swift */ = {isa = PBXFileReference; lastKnownFileType = sourcecode.swift; path = ToDoListItemsViewViewModel.swift; sourceTree = "<group>"; };
/* End PBXFileReference section */

/* Begin PBXFrameworksBuildPhase section */
		B6ACFC662A7523140041CB28 /* Frameworks */ = {
			isa = PBXFrameworksBuildPhase;
			buildActionMask = 2147483647;
			files = (
				B6ACFC7E2A7542850041CB28 /* FirebaseAuth in Frameworks */,
				B6ACFC802A7542850041CB28 /* FirebaseFirestore in Frameworks */,
				B6ACFC822A7542850041CB28 /* FirebaseFirestoreSwift in Frameworks */,
			);
			runOnlyForDeploymentPostprocessing = 0;
		};
/* End PBXFrameworksBuildPhase section */

/* Begin PBXGroup section */
		B6ACFC602A7523140041CB28 = {
			isa = PBXGroup;
			children = (
				B6ACFC862A754AE40041CB28 /* Others */,
				B6ACFC6B2A7523140041CB28 /* ToDoList */,
				B6ACFC6A2A7523140041CB28 /* Products */,
			);
			sourceTree = "<group>";
		};
		B6ACFC6A2A7523140041CB28 /* Products */ = {
			isa = PBXGroup;
			children = (
				B6ACFC692A7523140041CB28 /* ToDoList.app */,
			);
			name = Products;
			sourceTree = "<group>";
		};
		B6ACFC6B2A7523140041CB28 /* ToDoList */ = {
			isa = PBXGroup;
			children = (
				B6ACFC852A754AC90041CB28 /* Models */,
				B6ACFC842A754A720041CB28 /* ViewModels */,
				B6ACFC832A754A5A0041CB28 /* Views */,
				B6ACFC722A7523160041CB28 /* Preview Content */,
			);
			path = ToDoList;
			sourceTree = "<group>";
		};
		B6ACFC722A7523160041CB28 /* Preview Content */ = {
			isa = PBXGroup;
			children = (
				B6ACFC732A7523160041CB28 /* Preview Assets.xcassets */,
			);
			path = "Preview Content";
			sourceTree = "<group>";
		};
		B6ACFC832A754A5A0041CB28 /* Views */ = {
			isa = PBXGroup;
			children = (
				B6ACFC6E2A7523140041CB28 /* MainView.swift */,
				B6ACFC872A754BC40041CB28 /* ProfileView.swift */,
				B6ACFC912A754C540041CB28 /* ToDoListView.swift */,
				B6ACFC892A754BE90041CB28 /* ToDoListItemsView.swift */,
				B6ACFC8B2A754C030041CB28 /* NewItemView.swift */,
				B6ACFC8D2A754C1C0041CB28 /* LoginView.swift */,
				B6ACFC8F2A754C2A0041CB28 /* RegisterView.swift */,
				B6586E942A800B36001CD153 /* HeaderView.swift */,
				B6586E962A81F756001CD153 /* TLButton.swift */,
			);
			path = Views;
			sourceTree = "<group>";
		};
		B6ACFC842A754A720041CB28 /* ViewModels */ = {
			isa = PBXGroup;
			children = (
				B6ACFC972A754CD90041CB28 /* MainViewViewModel.swift */,
				B6ACFC992A754CE20041CB28 /* ProfileViewViewModel.swift */,
				B6ACFCA32A754D1C0041CB28 /* ToDoListItemsViewViewModel.swift */,
				B6ACFC9D2A754D020041CB28 /* NewItemViewViewModel.swift */,
				B6ACFC9F2A754D0B0041CB28 /* LoginViewViewModel.swift */,
				B6ACFCA12A754D130041CB28 /* RegisterViewViewModel.swift */,
				B6ACFC9B2A754CF60041CB28 /* ToDoListViewViewModel.swift */,
			);
			path = ViewModels;
			sourceTree = "<group>";
		};
		B6ACFC852A754AC90041CB28 /* Models */ = {
			isa = PBXGroup;
			children = (
				B6ACFC932A754C980041CB28 /* User.swift */,
				B6ACFC952A754CA60041CB28 /* ToDoListItem.swift */,
			);
			path = Models;
			sourceTree = "<group>";
		};
		B6ACFC862A754AE40041CB28 /* Others */ = {
			isa = PBXGroup;
			children = (
				B6ACFC702A7523160041CB28 /* Assets.xcassets */,
				B6ACFC7A2A75265D0041CB28 /* GoogleService-Info.plist */,
				B6ACFC6C2A7523140041CB28 /* ToDoListApp.swift */,
				B68C81BD2A83B5C00090EEF5 /* Extensions.swift */,
			);
			path = Others;
			sourceTree = "<group>";
		};
/* End PBXGroup section */

/* Begin PBXNativeTarget section */
		B6ACFC682A7523140041CB28 /* ToDoList */ = {
			isa = PBXNativeTarget;
			buildConfigurationList = B6ACFC772A7523160041CB28 /* Build configuration list for PBXNativeTarget "ToDoList" */;
			buildPhases = (
				B6ACFC652A7523140041CB28 /* Sources */,
				B6ACFC662A7523140041CB28 /* Frameworks */,
				B6ACFC672A7523140041CB28 /* Resources */,
			);
			buildRules = (
			);
			dependencies = (
			);
			name = ToDoList;
			packageProductDependencies = (
				B6ACFC7D2A7542850041CB28 /* FirebaseAuth */,
				B6ACFC7F2A7542850041CB28 /* FirebaseFirestore */,
				B6ACFC812A7542850041CB28 /* FirebaseFirestoreSwift */,
			);
			productName = ToDoList;
			productReference = B6ACFC692A7523140041CB28 /* ToDoList.app */;
			productType = "com.apple.product-type.application";
		};
/* End PBXNativeTarget section */

/* Begin PBXProject section */
		B6ACFC612A7523140041CB28 /* Project object */ = {
			isa = PBXProject;
			attributes = {
				BuildIndependentTargetsInParallel = 1;
				LastSwiftUpdateCheck = 1430;
				LastUpgradeCheck = 1430;
				TargetAttributes = {
					B6ACFC682A7523140041CB28 = {
						CreatedOnToolsVersion = 14.3.1;
					};
				};
			};
			buildConfigurationList = B6ACFC642A7523140041CB28 /* Build configuration list for PBXProject "ToDoList" */;
			compatibilityVersion = "Xcode 14.0";
			developmentRegion = en;
			hasScannedForEncodings = 0;
			knownRegions = (
				en,
				Base,
			);
			mainGroup = B6ACFC602A7523140041CB28;
			packageReferences = (
				B6ACFC7C2A7542850041CB28 /* XCRemoteSwiftPackageReference "firebase-ios-sdk" */,
			);
			productRefGroup = B6ACFC6A2A7523140041CB28 /* Products */;
			projectDirPath = "";
			projectRoot = "";
			targets = (
				B6ACFC682A7523140041CB28 /* ToDoList */,
			);
		};
/* End PBXProject section */

/* Begin PBXResourcesBuildPhase section */
		B6ACFC672A7523140041CB28 /* Resources */ = {
			isa = PBXResourcesBuildPhase;
			buildActionMask = 2147483647;
			files = (
				B6ACFC742A7523160041CB28 /* Preview Assets.xcassets in Resources */,
				B6ACFC712A7523160041CB28 /* Assets.xcassets in Resources */,
				B6ACFC7B2A75265D0041CB28 /* GoogleService-Info.plist in Resources */,
			);
			runOnlyForDeploymentPostprocessing = 0;
		};
/* End PBXResourcesBuildPhase section */

/* Begin PBXSourcesBuildPhase section */
		B6ACFC652A7523140041CB28 /* Sources */ = {
			isa = PBXSourcesBuildPhase;
			buildActionMask = 2147483647;
			files = (
				B6ACFC8E2A754C1C0041CB28 /* LoginView.swift in Sources */,
				B6586E952A800B36001CD153 /* HeaderView.swift in Sources */,
				B6ACFC6F2A7523140041CB28 /* MainView.swift in Sources */,
				B6ACFCA22A754D130041CB28 /* RegisterViewViewModel.swift in Sources */,
				B6ACFC982A754CD90041CB28 /* MainViewViewModel.swift in Sources */,
				B6ACFC922A754C540041CB28 /* ToDoListView.swift in Sources */,
				B6ACFCA42A754D1C0041CB28 /* ToDoListItemsViewViewModel.swift in Sources */,
				B6586E972A81F756001CD153 /* TLButton.swift in Sources */,
				B6ACFC8A2A754BE90041CB28 /* ToDoListItemsView.swift in Sources */,
				B6ACFC9A2A754CE20041CB28 /* ProfileViewViewModel.swift in Sources */,
				B6ACFC902A754C2A0041CB28 /* RegisterView.swift in Sources */,
				B6ACFC942A754C980041CB28 /* User.swift in Sources */,
				B6ACFC882A754BC40041CB28 /* ProfileView.swift in Sources */,
				B6ACFC9C2A754CF60041CB28 /* ToDoListViewViewModel.swift in Sources */,
				B6ACFCA02A754D0B0041CB28 /* LoginViewViewModel.swift in Sources */,
				B68C81BE2A83B5C00090EEF5 /* Extensions.swift in Sources */,
				B6ACFC6D2A7523140041CB28 /* ToDoListApp.swift in Sources */,
				B6ACFC962A754CA60041CB28 /* ToDoListItem.swift in Sources */,
				B6ACFC8C2A754C030041CB28 /* NewItemView.swift in Sources */,
				B6ACFC9E2A754D020041CB28 /* NewItemViewViewModel.swift in Sources */,
			);
			runOnlyForDeploymentPostprocessing = 0;
		};
/* End PBXSourcesBuildPhase section */

/* Begin XCBuildConfiguration section */
		B6ACFC752A7523160041CB28 /* Debug */ = {
			isa = XCBuildConfiguration;
			buildSettings = {
				ALWAYS_SEARCH_USER_PATHS = NO;
				CLANG_ANALYZER_NONNULL = YES;
				CLANG_ANALYZER_NUMBER_OBJECT_CONVERSION = YES_AGGRESSIVE;
				CLANG_CXX_LANGUAGE_STANDARD = "gnu++20";
				CLANG_ENABLE_MODULES = YES;
				CLANG_ENABLE_OBJC_ARC = YES;
				CLANG_ENABLE_OBJC_WEAK = YES;
				CLANG_WARN_BLOCK_CAPTURE_AUTORELEASING = YES;
				CLANG_WARN_BOOL_CONVERSION = YES;
				CLANG_WARN_COMMA = YES;
				CLANG_WARN_CONSTANT_CONVERSION = YES;
				CLANG_WARN_DEPRECATED_OBJC_IMPLEMENTATIONS = YES;
				CLANG_WARN_DIRECT_OBJC_ISA_USAGE = YES_ERROR;
				CLANG_WARN_DOCUMENTATION_COMMENTS = YES;
				CLANG_WARN_EMPTY_BODY = YES;
				CLANG_WARN_ENUM_CONVERSION = YES;
				CLANG_WARN_INFINITE_RECURSION = YES;
				CLANG_WARN_INT_CONVERSION = YES;
				CLANG_WARN_NON_LITERAL_NULL_CONVERSION = YES;
				CLANG_WARN_OBJC_IMPLICIT_RETAIN_SELF = YES;
				CLANG_WARN_OBJC_LITERAL_CONVERSION = YES;
				CLANG_WARN_OBJC_ROOT_CLASS = YES_ERROR;
				CLANG_WARN_QUOTED_INCLUDE_IN_FRAMEWORK_HEADER = YES;
				CLANG_WARN_RANGE_LOOP_ANALYSIS = YES;
				CLANG_WARN_STRICT_PROTOTYPES = YES;
				CLANG_WARN_SUSPICIOUS_MOVE = YES;
				CLANG_WARN_UNGUARDED_AVAILABILITY = YES_AGGRESSIVE;
				CLANG_WARN_UNREACHABLE_CODE = YES;
				CLANG_WARN__DUPLICATE_METHOD_MATCH = YES;
				COPY_PHASE_STRIP = NO;
				DEBUG_INFORMATION_FORMAT = dwarf;
				ENABLE_STRICT_OBJC_MSGSEND = YES;
				ENABLE_TESTABILITY = YES;
				GCC_C_LANGUAGE_STANDARD = gnu11;
				GCC_DYNAMIC_NO_PIC = NO;
				GCC_NO_COMMON_BLOCKS = YES;
				GCC_OPTIMIZATION_LEVEL = 0;
				GCC_PREPROCESSOR_DEFINITIONS = (
					"DEBUG=1",
					"$(inherited)",
				);
				GCC_WARN_64_TO_32_BIT_CONVERSION = YES;
				GCC_WARN_ABOUT_RETURN_TYPE = YES_ERROR;
				GCC_WARN_UNDECLARED_SELECTOR = YES;
				GCC_WARN_UNINITIALIZED_AUTOS = YES_AGGRESSIVE;
				GCC_WARN_UNUSED_FUNCTION = YES;
				GCC_WARN_UNUSED_VARIABLE = YES;
				IPHONEOS_DEPLOYMENT_TARGET = 16.4;
				MTL_ENABLE_DEBUG_INFO = INCLUDE_SOURCE;
				MTL_FAST_MATH = YES;
				ONLY_ACTIVE_ARCH = YES;
				SDKROOT = iphoneos;
				SWIFT_ACTIVE_COMPILATION_CONDITIONS = DEBUG;
				SWIFT_OPTIMIZATION_LEVEL = "-Onone";
			};
			name = Debug;
		};
		B6ACFC762A7523160041CB28 /* Release */ = {
			isa = XCBuildConfiguration;
			buildSettings = {
				ALWAYS_SEARCH_USER_PATHS = NO;
				CLANG_ANALYZER_NONNULL = YES;
				CLANG_ANALYZER_NUMBER_OBJECT_CONVERSION = YES_AGGRESSIVE;
				CLANG_CXX_LANGUAGE_STANDARD = "gnu++20";
				CLANG_ENABLE_MODULES = YES;
				CLANG_ENABLE_OBJC_ARC = YES;
				CLANG_ENABLE_OBJC_WEAK = YES;
				CLANG_WARN_BLOCK_CAPTURE_AUTORELEASING = YES;
				CLANG_WARN_BOOL_CONVERSION = YES;
				CLANG_WARN_COMMA = YES;
				CLANG_WARN_CONSTANT_CONVERSION = YES;
				CLANG_WARN_DEPRECATED_OBJC_IMPLEMENTATIONS = YES;
				CLANG_WARN_DIRECT_OBJC_ISA_USAGE = YES_ERROR;
				CLANG_WARN_DOCUMENTATION_COMMENTS = YES;
				CLANG_WARN_EMPTY_BODY = YES;
				CLANG_WARN_ENUM_CONVERSION = YES;
				CLANG_WARN_INFINITE_RECURSION = YES;
				CLANG_WARN_INT_CONVERSION = YES;
				CLANG_WARN_NON_LITERAL_NULL_CONVERSION = YES;
				CLANG_WARN_OBJC_IMPLICIT_RETAIN_SELF = YES;
				CLANG_WARN_OBJC_LITERAL_CONVERSION = YES;
				CLANG_WARN_OBJC_ROOT_CLASS = YES_ERROR;
				CLANG_WARN_QUOTED_INCLUDE_IN_FRAMEWORK_HEADER = YES;
				CLANG_WARN_RANGE_LOOP_ANALYSIS = YES;
				CLANG_WARN_STRICT_PROTOTYPES = YES;
				CLANG_WARN_SUSPICIOUS_MOVE = YES;
				CLANG_WARN_UNGUARDED_AVAILABILITY = YES_AGGRESSIVE;
				CLANG_WARN_UNREACHABLE_CODE = YES;
				CLANG_WARN__DUPLICATE_METHOD_MATCH = YES;
				COPY_PHASE_STRIP = NO;
				DEBUG_INFORMATION_FORMAT = "dwarf-with-dsym";
				ENABLE_NS_ASSERTIONS = NO;
				ENABLE_STRICT_OBJC_MSGSEND = YES;
				GCC_C_LANGUAGE_STANDARD = gnu11;
				GCC_NO_COMMON_BLOCKS = YES;
				GCC_WARN_64_TO_32_BIT_CONVERSION = YES;
				GCC_WARN_ABOUT_RETURN_TYPE = YES_ERROR;
				GCC_WARN_UNDECLARED_SELECTOR = YES;
				GCC_WARN_UNINITIALIZED_AUTOS = YES_AGGRESSIVE;
				GCC_WARN_UNUSED_FUNCTION = YES;
				GCC_WARN_UNUSED_VARIABLE = YES;
				IPHONEOS_DEPLOYMENT_TARGET = 16.4;
				MTL_ENABLE_DEBUG_INFO = NO;
				MTL_FAST_MATH = YES;
				SDKROOT = iphoneos;
				SWIFT_COMPILATION_MODE = wholemodule;
				SWIFT_OPTIMIZATION_LEVEL = "-O";
				VALIDATE_PRODUCT = YES;
			};
			name = Release;
		};
		B6ACFC782A7523160041CB28 /* Debug */ = {
			isa = XCBuildConfiguration;
			buildSettings = {
				ASSETCATALOG_COMPILER_APPICON_NAME = AppIcon;
				ASSETCATALOG_COMPILER_GLOBAL_ACCENT_COLOR_NAME = AccentColor;
				CODE_SIGN_STYLE = Automatic;
				CURRENT_PROJECT_VERSION = 1;
				DEVELOPMENT_ASSET_PATHS = "\"ToDoList/Preview Content\"";
				ENABLE_PREVIEWS = YES;
				GENERATE_INFOPLIST_FILE = YES;
				INFOPLIST_KEY_UIApplicationSceneManifest_Generation = YES;
				INFOPLIST_KEY_UIApplicationSupportsIndirectInputEvents = YES;
				INFOPLIST_KEY_UILaunchScreen_Generation = YES;
				INFOPLIST_KEY_UISupportedInterfaceOrientations = UIInterfaceOrientationPortrait;
				LD_RUNPATH_SEARCH_PATHS = (
					"$(inherited)",
					"@executable_path/Frameworks",
				);
				MARKETING_VERSION = 1.0;
				PRODUCT_BUNDLE_IDENTIFIER = "binus-university.ToDoList";
				PRODUCT_NAME = "$(TARGET_NAME)";
				SWIFT_EMIT_LOC_STRINGS = YES;
				SWIFT_VERSION = 5.0;
				TARGETED_DEVICE_FAMILY = "1,2";
			};
			name = Debug;
		};
		B6ACFC792A7523160041CB28 /* Release */ = {
			isa = XCBuildConfiguration;
			buildSettings = {
				ASSETCATALOG_COMPILER_APPICON_NAME = AppIcon;
				ASSETCATALOG_COMPILER_GLOBAL_ACCENT_COLOR_NAME = AccentColor;
				CODE_SIGN_STYLE = Automatic;
				CURRENT_PROJECT_VERSION = 1;
				DEVELOPMENT_ASSET_PATHS = "\"ToDoList/Preview Content\"";
				ENABLE_PREVIEWS = YES;
				GENERATE_INFOPLIST_FILE = YES;
				INFOPLIST_KEY_UIApplicationSceneManifest_Generation = YES;
				INFOPLIST_KEY_UIApplicationSupportsIndirectInputEvents = YES;
				INFOPLIST_KEY_UILaunchScreen_Generation = YES;
				INFOPLIST_KEY_UISupportedInterfaceOrientations = UIInterfaceOrientationPortrait;
				LD_RUNPATH_SEARCH_PATHS = (
					"$(inherited)",
					"@executable_path/Frameworks",
				);
				MARKETING_VERSION = 1.0;
				PRODUCT_BUNDLE_IDENTIFIER = "binus-university.ToDoList";
				PRODUCT_NAME = "$(TARGET_NAME)";
				SWIFT_EMIT_LOC_STRINGS = YES;
				SWIFT_VERSION = 5.0;
				TARGETED_DEVICE_FAMILY = "1,2";
			};
			name = Release;
		};
/* End XCBuildConfiguration section */

/* Begin XCConfigurationList section */
		B6ACFC642A7523140041CB28 /* Build configuration list for PBXProject "ToDoList" */ = {
			isa = XCConfigurationList;
			buildConfigurations = (
				B6ACFC752A7523160041CB28 /* Debug */,
				B6ACFC762A7523160041CB28 /* Release */,
			);
			defaultConfigurationIsVisible = 0;
			defaultConfigurationName = Release;
		};
		B6ACFC772A7523160041CB28 /* Build configuration list for PBXNativeTarget "ToDoList" */ = {
			isa = XCConfigurationList;
			buildConfigurations = (
				B6ACFC782A7523160041CB28 /* Debug */,
				B6ACFC792A7523160041CB28 /* Release */,
			);
			defaultConfigurationIsVisible = 0;
			defaultConfigurationName = Release;
		};
/* End XCConfigurationList section */

/* Begin XCRemoteSwiftPackageReference section */
		B6ACFC7C2A7542850041CB28 /* XCRemoteSwiftPackageReference "firebase-ios-sdk" */ = {
			isa = XCRemoteSwiftPackageReference;
			repositoryURL = "https://github.com/firebase/firebase-ios-sdk";
			requirement = {
				kind = upToNextMajorVersion;
				minimumVersion = 10.0.0;
			};
		};
/* End XCRemoteSwiftPackageReference section */

/* Begin XCSwiftPackageProductDependency section */
		B6ACFC7D2A7542850041CB28 /* FirebaseAuth */ = {
			isa = XCSwiftPackageProductDependency;
			package = B6ACFC7C2A7542850041CB28 /* XCRemoteSwiftPackageReference "firebase-ios-sdk" */;
			productName = FirebaseAuth;
		};
		B6ACFC7F2A7542850041CB28 /* FirebaseFirestore */ = {
			isa = XCSwiftPackageProductDependency;
			package = B6ACFC7C2A7542850041CB28 /* XCRemoteSwiftPackageReference "firebase-ios-sdk" */;
			productName = FirebaseFirestore;
		};
		B6ACFC812A7542850041CB28 /* FirebaseFirestoreSwift */ = {
			isa = XCSwiftPackageProductDependency;
			package = B6ACFC7C2A7542850041CB28 /* XCRemoteSwiftPackageReference "firebase-ios-sdk" */;
			productName = FirebaseFirestoreSwift;
		};
/* End XCSwiftPackageProductDependency section */
	};
	rootObject = B6ACFC612A7523140041CB28 /* Project object */;
}
